
Microsoft Visual Studio Solution File, Format Version 12.00
# Visual Studio Version 16
VisualStudioVersion = 16.0.30011.22
MinimumVisualStudioVersion = 10.0.40219.1
Project("{FAE04EC0-301F-11D3-BF4B-00C04F79EFBC}") = "AwesomeApp.Android", "AwesomeApp.Android\AwesomeApp.Android.csproj", "{C1EA3E2B-7FC8-4E6B-A79A-384438854111}"
EndProject
Project("{FAE04EC0-301F-11D3-BF4B-00C04F79EFBC}") = "AwesomeApp.iOS", "AwesomeApp.iOS\AwesomeApp.iOS.csproj", "{37D6E7D7-DD1B-486D-81FE-E402CF01A301}"
EndProject
Project("{FAE04EC0-301F-11D3-BF4B-00C04F79EFBC}") = "AwesomeApp", "AwesomeApp\AwesomeApp.csproj", "{14260454-2028-494B-9E41-6D94EF7AE81C}"
EndProject
Global
	GlobalSection(SolutionConfigurationPlatforms) = preSolution
		Debug|Any CPU = Debug|Any CPU
		Debug|iPhone = Debug|iPhone
		Debug|iPhoneSimulator = Debug|iPhoneSimulator
		Release|Any CPU = Release|Any CPU
		Release|iPhone = Release|iPhone
		Release|iPhoneSimulator = Release|iPhoneSimulator
	EndGlobalSection
	GlobalSection(ProjectConfigurationPlatforms) = postSolution
		{C1EA3E2B-7FC8-4E6B-A79A-384438854111}.Debug|Any CPU.ActiveCfg = Debug|Any CPU
		{C1EA3E2B-7FC8-4E6B-A79A-384438854111}.Debug|Any CPU.Build.0 = Debug|Any CPU
		{C1EA3E2B-7FC8-4E6B-A79A-384438854111}.Debug|Any CPU.Deploy.0 = Debug|Any CPU
		{C1EA3E2B-7FC8-4E6B-A79A-384438854111}.Debug|iPhone.ActiveCfg = Debug|Any CPU
		{C1EA3E2B-7FC8-4E6B-A79A-384438854111}.Debug|iPhone.Build.0 = Debug|Any CPU
		{C1EA3E2B-7FC8-4E6B-A79A-384438854111}.Debug|iPhone.Deploy.0 = Debug|Any CPU
		{C1EA3E2B-7FC8-4E6B-A79A-384438854111}.Debug|iPhoneSimulator.ActiveCfg = Debug|Any CPU
		{C1EA3E2B-7FC8-4E6B-A79A-384438854111}.Debug|iPhoneSimulator.Build.0 = Debug|Any CPU
		{C1EA3E2B-7FC8-4E6B-A79A-384438854111}.Debug|iPhoneSimulator.Deploy.0 = Debug|Any CPU
		{C1EA3E2B-7FC8-4E6B-A79A-384438854111}.Release|Any CPU.ActiveCfg = Release|Any CPU
		{C1EA3E2B-7FC8-4E6B-A79A-384438854111}.Release|Any CPU.Build.0 = Release|Any CPU
		{C1EA3E2B-7FC8-4E6B-A79A-384438854111}.Release|Any CPU.Deploy.0 = Release|Any CPU
		{C1EA3E2B-7FC8-4E6B-A79A-384438854111}.Release|iPhone.ActiveCfg = Release|Any CPU
		{C1EA3E2B-7FC8-4E6B-A79A-384438854111}.Release|iPhone.Build.0 = Release|Any CPU
		{C1EA3E2B-7FC8-4E6B-A79A-384438854111}.Release|iPhone.Deploy.0 = Release|Any CPU
		{C1EA3E2B-7FC8-4E6B-A79A-384438854111}.Release|iPhoneSimulator.ActiveCfg = Release|Any CPU
		{C1EA3E2B-7FC8-4E6B-A79A-384438854111}.Release|iPhoneSimulator.Build.0 = Release|Any CPU
		{C1EA3E2B-7FC8-4E6B-A79A-384438854111}.Release|iPhoneSimulator.Deploy.0 = Release|Any CPU
		{37D6E7D7-DD1B-486D-81FE-E402CF01A301}.Debug|Any CPU.ActiveCfg = Debug|iPhone
		{37D6E7D7-DD1B-486D-81FE-E402CF01A301}.Debug|Any CPU.Build.0 = Debug|iPhone
		{37D6E7D7-DD1B-486D-81FE-E402CF01A301}.Debug|Any CPU.Deploy.0 = Debug|iPhone
		{37D6E7D7-DD1B-486D-81FE-E402CF01A301}.Debug|iPhone.ActiveCfg = Debug|iPhone
		{37D6E7D7-DD1B-486D-81FE-E402CF01A301}.Debug|iPhone.Build.0 = Debug|iPhone
		{37D6E7D7-DD1B-486D-81FE-E402CF01A301}.Debug|iPhone.Deploy.0 = Debug|iPhone
		{37D6E7D7-DD1B-486D-81FE-E402CF01A301}.Debug|iPhoneSimulator.ActiveCfg = Debug|iPhoneSimulator
		{37D6E7D7-DD1B-486D-81FE-E402CF01A301}.Debug|iPhoneSimulator.Build.0 = Debug|iPhoneSimulator
		{37D6E7D7-DD1B-486D-81FE-E402CF01A301}.Debug|iPhoneSimulator.Deploy.0 = Debug|iPhoneSimulator
		{37D6E7D7-DD1B-486D-81FE-E402CF01A301}.Release|Any CPU.ActiveCfg = Release|iPhone
		{37D6E7D7-DD1B-486D-81FE-E402CF01A301}.Release|Any CPU.Build.0 = Release|iPhone
		{37D6E7D7-DD1B-486D-81FE-E402CF01A301}.Release|Any CPU.Deploy.0 = Release|iPhone
		{37D6E7D7-DD1B-486D-81FE-E402CF01A301}.Release|iPhone.ActiveCfg = Release|iPhone
		{37D6E7D7-DD1B-486D-81FE-E402CF01A301}.Release|iPhone.Build.0 = Release|iPhone
		{37D6E7D7-DD1B-486D-81FE-E402CF01A301}.Release|iPhone.Deploy.0 = Release|iPhone
		{37D6E7D7-DD1B-486D-81FE-E402CF01A301}.Release|iPhoneSimulator.ActiveCfg = Release|iPhoneSimulator
		{37D6E7D7-DD1B-486D-81FE-E402CF01A301}.Release|iPhoneSimulator.Build.0 = Release|iPhoneSimulator
		{37D6E7D7-DD1B-486D-81FE-E402CF01A301}.Release|iPhoneSimulator.Deploy.0 = Release|iPhoneSimulator
		{14260454-2028-494B-9E41-6D94EF7AE81C}.Debug|Any CPU.ActiveCfg = Debug|Any CPU
		{14260454-2028-494B-9E41-6D94EF7AE81C}.Debug|Any CPU.Build.0 = Debug|Any CPU
		{14260454-2028-494B-9E41-6D94EF7AE81C}.Debug|Any CPU.Deploy.0 = Debug|Any CPU
		{14260454-2028-494B-9E41-6D94EF7AE81C}.Debug|iPhone.ActiveCfg = Debug|Any CPU
		{14260454-2028-494B-9E41-6D94EF7AE81C}.Debug|iPhone.Build.0 = Debug|Any CPU
		{14260454-2028-494B-9E41-6D94EF7AE81C}.Debug|iPhone.Deploy.0 = Debug|Any CPU
		{14260454-2028-494B-9E41-6D94EF7AE81C}.Debug|iPhoneSimulator.ActiveCfg = Debug|Any CPU
		{14260454-2028-494B-9E41-6D94EF7AE81C}.Debug|iPhoneSimulator.Build.0 = Debug|Any CPU
		{14260454-2028-494B-9E41-6D94EF7AE81C}.Debug|iPhoneSimulator.Deploy.0 = Debug|Any CPU
		{14260454-2028-494B-9E41-6D94EF7AE81C}.Release|Any CPU.ActiveCfg = Release|Any CPU
		{14260454-2028-494B-9E41-6D94EF7AE81C}.Release|Any CPU.Build.0 = Release|Any CPU
		{14260454-2028-494B-9E41-6D94EF7AE81C}.Release|Any CPU.Deploy.0 = Release|Any CPU
		{14260454-2028-494B-9E41-6D94EF7AE81C}.Release|iPhone.ActiveCfg = Release|Any CPU
		{14260454-2028-494B-9E41-6D94EF7AE81C}.Release|iPhone.Build.0 = Release|Any CPU
		{14260454-2028-494B-9E41-6D94EF7AE81C}.Release|iPhone.Deploy.0 = Release|Any CPU
		{14260454-2028-494B-9E41-6D94EF7AE81C}.Release|iPhoneSimulator.ActiveCfg = Release|Any CPU
		{14260454-2028-494B-9E41-6D94EF7AE81C}.Release|iPhoneSimulator.Build.0 = Release|Any CPU
		{14260454-2028-494B-9E41-6D94EF7AE81C}.Release|iPhoneSimulator.Deploy.0 = Release|Any CPU
	EndGlobalSection
	GlobalSection(SolutionProperties) = preSolution
		HideSolutionNode = FALSE
	EndGlobalSection
	GlobalSection(ExtensibilityGlobals) = postSolution
		SolutionGuid = {44E0B502-C25F-4D0F-A104-206AFA752F74}
	EndGlobalSection
EndGlobal
